{
    "name": "final-project",
    "lockfileVersion": 2,
    "requires": true,
    "packages": {
        "": {
            "name": "final-project",
            "dependencies": {
                "@stripe/react-stripe-js": "^1.10.0",
                "@stripe/stripe-js": "^1.36.0",
                "react-s3": "^1.3.1",
                "react-stripe-elements": "^6.1.2"
            },
            "engines": {
                "node": ">= 14"
            }
        },
        "node_modules/@stripe/react-stripe-js": {
            "version": "1.10.0",
            "resolved": "https://registry.npmjs.org/@stripe/react-stripe-js/-/react-stripe-js-1.10.0.tgz",
            "integrity": "sha512-vuIjJUZJ3nyiaGa5z5iyMCzZfGGsgzOOjWjqknbbhkNsewyyginfeky9EZLSz9+iSAsgC9K6MeNOTLKVGcMycQ==",
            "dependencies": {
                "prop-types": "^15.7.2"
            },
            "peerDependencies": {
                "@stripe/stripe-js": "^1.34.0",
                "react": "^16.8.0 || ^17.0.0 || ^18.0.0",
                "react-dom": "^16.8.0 || ^17.0.0 || ^18.0.0"
            }
        },
        "node_modules/@stripe/stripe-js": {
            "version": "1.36.0",
            "resolved": "https://registry.npmjs.org/@stripe/stripe-js/-/stripe-js-1.36.0.tgz",
            "integrity": "sha512-m45BD9JxOfIBT0Tz4MupiKzM8M58NX/We8wKlf+54TCZpW1RVAyFpJ58CbtyU/LxAM+opT6cewHRVfs7bTUtBA=="
        },
        "node_modules/crypto-js": {
            "version": "3.3.0",
            "resolved": "https://registry.npmjs.org/crypto-js/-/crypto-js-3.3.0.tgz",
            "integrity": "sha512-DIT51nX0dCfKltpRiXV+/TVZq+Qq2NgF4644+K7Ttnla7zEzqc+kjJyiB96BHNyUTBxyjzRcZYpUdZa+QAqi6Q=="
        },
        "node_modules/js-tokens": {
            "version": "4.0.0",
            "resolved": "https://registry.npmjs.org/js-tokens/-/js-tokens-4.0.0.tgz",
            "integrity": "sha512-RdJUflcE3cUzKiMqQgsCu06FPu9UdIJO0beYbPhHN4k6apgJtifcoCtT9bcxOpYBtpD2kCM6Sbzg4CausW/PKQ=="
        },
        "node_modules/loose-envify": {
            "version": "1.4.0",
            "resolved": "https://registry.npmjs.org/loose-envify/-/loose-envify-1.4.0.tgz",
            "integrity": "sha512-lyuxPGr/Wfhrlem2CL/UcnUc1zcqKAImBDzukY7Y5F/yQiNdko6+fRLevlw1HgMySw7f611UIY408EtxRSoK3Q==",
            "dependencies": {
                "js-tokens": "^3.0.0 || ^4.0.0"
            },
            "bin": {
                "loose-envify": "cli.js"
            }
        },
        "node_modules/object-assign": {
            "version": "4.1.1",
            "resolved": "https://registry.npmjs.org/object-assign/-/object-assign-4.1.1.tgz",
            "integrity": "sha512-rJgTQnkUnH1sFw8yT6VSU3zD3sWmu6sZhIseY8VX+GRu3P6F7Fu+JNDoXfklElbLJSnc3FUQHVe4cU5hj+BcUg==",
            "engines": {
                "node": ">=0.10.0"
            }
        },
        "node_modules/prop-types": {
            "version": "15.8.1",
            "resolved": "https://registry.npmjs.org/prop-types/-/prop-types-15.8.1.tgz",
            "integrity": "sha512-oj87CgZICdulUohogVAR7AjlC0327U4el4L6eAvOqCeudMDVU0NThNaV+b9Df4dXgSP1gXMTnPdhfe/2qDH5cg==",
            "dependencies": {
                "loose-envify": "^1.4.0",
                "object-assign": "^4.1.1",
                "react-is": "^16.13.1"
            }
        },
        "node_modules/react": {
            "version": "16.14.0",
            "resolved": "https://registry.npmjs.org/react/-/react-16.14.0.tgz",
            "integrity": "sha512-0X2CImDkJGApiAlcf0ODKIneSwBPhqJawOa5wCtKbu7ZECrmS26NvtSILynQ66cgkT/RJ4LidJOc3bUESwmU8g==",
            "peer": true,
            "dependencies": {
                "loose-envify": "^1.1.0",
                "object-assign": "^4.1.1",
                "prop-types": "^15.6.2"
            },
            "engines": {
                "node": ">=0.10.0"
            }
        },
        "node_modules/react-dom": {
            "version": "16.14.0",
            "resolved": "https://registry.npmjs.org/react-dom/-/react-dom-16.14.0.tgz",
            "integrity": "sha512-1gCeQXDLoIqMgqD3IO2Ah9bnf0w9kzhwN5q4FGnHZ67hBm9yePzB5JJAIQCc8x3pFnNlwFq4RidZggNAAkzWWw==",
            "peer": true,
            "dependencies": {
                "loose-envify": "^1.1.0",
                "object-assign": "^4.1.1",
                "prop-types": "^15.6.2",
                "scheduler": "^0.19.1"
            },
            "peerDependencies": {
                "react": "^16.14.0"
            }
        },
        "node_modules/react-is": {
            "version": "16.13.1",
            "resolved": "https://registry.npmjs.org/react-is/-/react-is-16.13.1.tgz",
            "integrity": "sha512-24e6ynE2H+OKt4kqsOvNd8kBpV65zoxbA4BVsEOB3ARVWQki/DHzaUoC5KuON/BiccDaCCTZBuOcfZs70kR8bQ=="
        },
        "node_modules/react-s3": {
            "version": "1.3.1",
            "resolved": "https://registry.npmjs.org/react-s3/-/react-s3-1.3.1.tgz",
            "integrity": "sha512-4KiEXeWv4n1aGaMcsWShabPmHtSfV9GINAg4It/WfVvhUcsSn9jrmcBSjOqf+s4Y/2cMeCtW/TquF3bVCW4fLg==",
            "dependencies": {
                "crypto-js": "^3.1.9-1"
            }
        },
        "node_modules/react-stripe-elements": {
            "version": "6.1.2",
            "resolved": "https://registry.npmjs.org/react-stripe-elements/-/react-stripe-elements-6.1.2.tgz",
            "integrity": "sha512-gYbYhVVJm3Woc84TgmuiqUj44rI/BZGUVUTTmS0U6kZyZa5fYMPlKKIsVZdQZufQ7Ab4BXLO2LSxBlGY0s2jew==",
            "dependencies": {
                "prop-types": "15.7.2"
            },
            "peerDependencies": {
                "react": "^15.5.4 || ^16.0.0-0",
                "react-dom": "^15.5.4 || ^16.0.0-0"
            }
        },
        "node_modules/react-stripe-elements/node_modules/prop-types": {
            "version": "15.7.2",
            "resolved": "https://registry.npmjs.org/prop-types/-/prop-types-15.7.2.tgz",
            "integrity": "sha512-8QQikdH7//R2vurIJSutZ1smHYTcLpRWEOlHnzcWHmBYrOGUysKwSsrC89BCiFj3CbrfJ/nXFdJepOVrY1GCHQ==",
            "dependencies": {
                "loose-envify": "^1.4.0",
                "object-assign": "^4.1.1",
                "react-is": "^16.8.1"
            }
        },
        "node_modules/scheduler": {
            "version": "0.19.1",
            "resolved": "https://registry.npmjs.org/scheduler/-/scheduler-0.19.1.tgz",
            "integrity": "sha512-n/zwRWRYSUj0/3g/otKDRPMh6qv2SYMWNq85IEa8iZyAv8od9zDYpGSnpBEjNgcMNq6Scbu5KfIPxNF72R/2EA==",
            "peer": true,
            "dependencies": {
                "loose-envify": "^1.1.0",
                "object-assign": "^4.1.1"
            }
        }
    },
    "dependencies": {
        "@stripe/react-stripe-js": {
            "version": "1.10.0",
            "resolved": "https://registry.npmjs.org/@stripe/react-stripe-js/-/react-stripe-js-1.10.0.tgz",
            "integrity": "sha512-vuIjJUZJ3nyiaGa5z5iyMCzZfGGsgzOOjWjqknbbhkNsewyyginfeky9EZLSz9+iSAsgC9K6MeNOTLKVGcMycQ==",
            "requires": {
                "prop-types": "^15.7.2"
            }
        },
        "@stripe/stripe-js": {
            "version": "1.36.0",
            "resolved": "https://registry.npmjs.org/@stripe/stripe-js/-/stripe-js-1.36.0.tgz",
            "integrity": "sha512-m45BD9JxOfIBT0Tz4MupiKzM8M58NX/We8wKlf+54TCZpW1RVAyFpJ58CbtyU/LxAM+opT6cewHRVfs7bTUtBA=="
        },
        "crypto-js": {
            "version": "3.3.0",
            "resolved": "https://registry.npmjs.org/crypto-js/-/crypto-js-3.3.0.tgz",
            "integrity": "sha512-DIT51nX0dCfKltpRiXV+/TVZq+Qq2NgF4644+K7Ttnla7zEzqc+kjJyiB96BHNyUTBxyjzRcZYpUdZa+QAqi6Q=="
        },
        "js-tokens": {
            "version": "4.0.0",
            "resolved": "https://registry.npmjs.org/js-tokens/-/js-tokens-4.0.0.tgz",
            "integrity": "sha512-RdJUflcE3cUzKiMqQgsCu06FPu9UdIJO0beYbPhHN4k6apgJtifcoCtT9bcxOpYBtpD2kCM6Sbzg4CausW/PKQ=="
        },
        "loose-envify": {
            "version": "1.4.0",
            "resolved": "https://registry.npmjs.org/loose-envify/-/loose-envify-1.4.0.tgz",
            "integrity": "sha512-lyuxPGr/Wfhrlem2CL/UcnUc1zcqKAImBDzukY7Y5F/yQiNdko6+fRLevlw1HgMySw7f611UIY408EtxRSoK3Q==",
            "requires": {
                "js-tokens": "^3.0.0 || ^4.0.0"
            }
        },
        "object-assign": {
            "version": "4.1.1",
            "resolved": "https://registry.npmjs.org/object-assign/-/object-assign-4.1.1.tgz",
            "integrity": "sha512-rJgTQnkUnH1sFw8yT6VSU3zD3sWmu6sZhIseY8VX+GRu3P6F7Fu+JNDoXfklElbLJSnc3FUQHVe4cU5hj+BcUg=="
        },
        "prop-types": {
            "version": "15.8.1",
            "resolved": "https://registry.npmjs.org/prop-types/-/prop-types-15.8.1.tgz",
            "integrity": "sha512-oj87CgZICdulUohogVAR7AjlC0327U4el4L6eAvOqCeudMDVU0NThNaV+b9Df4dXgSP1gXMTnPdhfe/2qDH5cg==",
            "requires": {
                "loose-envify": "^1.4.0",
                "object-assign": "^4.1.1",
                "react-is": "^16.13.1"
            }
        },
        "react": {
            "version": "16.14.0",
            "resolved": "https://registry.npmjs.org/react/-/react-16.14.0.tgz",
            "integrity": "sha512-0X2CImDkJGApiAlcf0ODKIneSwBPhqJawOa5wCtKbu7ZECrmS26NvtSILynQ66cgkT/RJ4LidJOc3bUESwmU8g==",
            "peer": true,
            "requires": {
                "loose-envify": "^1.1.0",
                "object-assign": "^4.1.1",
                "prop-types": "^15.6.2"
            }
        },
        "react-dom": {
            "version": "16.14.0",
            "resolved": "https://registry.npmjs.org/react-dom/-/react-dom-16.14.0.tgz",
            "integrity": "sha512-1gCeQXDLoIqMgqD3IO2Ah9bnf0w9kzhwN5q4FGnHZ67hBm9yePzB5JJAIQCc8x3pFnNlwFq4RidZggNAAkzWWw==",
            "peer": true,
            "requires": {
                "loose-envify": "^1.1.0",
                "object-assign": "^4.1.1",
                "prop-types": "^15.6.2",
                "scheduler": "^0.19.1"
            }
        },
        "react-is": {
            "version": "16.13.1",
            "resolved": "https://registry.npmjs.org/react-is/-/react-is-16.13.1.tgz",
            "integrity": "sha512-24e6ynE2H+OKt4kqsOvNd8kBpV65zoxbA4BVsEOB3ARVWQki/DHzaUoC5KuON/BiccDaCCTZBuOcfZs70kR8bQ=="
        },
        "react-s3": {
            "version": "1.3.1",
            "resolved": "https://registry.npmjs.org/react-s3/-/react-s3-1.3.1.tgz",
            "integrity": "sha512-4KiEXeWv4n1aGaMcsWShabPmHtSfV9GINAg4It/WfVvhUcsSn9jrmcBSjOqf+s4Y/2cMeCtW/TquF3bVCW4fLg==",
            "requires": {
                "crypto-js": "^3.1.9-1"
            }
        },
        "react-stripe-elements": {
            "version": "6.1.2",
            "resolved": "https://registry.npmjs.org/react-stripe-elements/-/react-stripe-elements-6.1.2.tgz",
            "integrity": "sha512-gYbYhVVJm3Woc84TgmuiqUj44rI/BZGUVUTTmS0U6kZyZa5fYMPlKKIsVZdQZufQ7Ab4BXLO2LSxBlGY0s2jew==",
            "requires": {
                "prop-types": "15.7.2"
            },
            "dependencies": {
                "prop-types": {
                    "version": "15.7.2",
                    "resolved": "https://registry.npmjs.org/prop-types/-/prop-types-15.7.2.tgz",
                    "integrity": "sha512-8QQikdH7//R2vurIJSutZ1smHYTcLpRWEOlHnzcWHmBYrOGUysKwSsrC89BCiFj3CbrfJ/nXFdJepOVrY1GCHQ==",
                    "requires": {
                        "loose-envify": "^1.4.0",
                        "object-assign": "^4.1.1",
                        "react-is": "^16.8.1"
                    }
                }
            }
        },
        "scheduler": {
            "version": "0.19.1",
            "resolved": "https://registry.npmjs.org/scheduler/-/scheduler-0.19.1.tgz",
            "integrity": "sha512-n/zwRWRYSUj0/3g/otKDRPMh6qv2SYMWNq85IEa8iZyAv8od9zDYpGSnpBEjNgcMNq6Scbu5KfIPxNF72R/2EA==",
            "peer": true,
            "requires": {
                "loose-envify": "^1.1.0",
                "object-assign": "^4.1.1"
            }
        }
    }
}
